
Microsoft Visual Studio Solution File, Format Version 12.00
# Visual Studio Version 17
VisualStudioVersion = 17.4.33122.133
MinimumVisualStudioVersion = 10.0.40219.1
Project("{FAE04EC0-301F-11D3-BF4B-00C04F79EFBC}") = "TestVerivox", "TestVerivox\TestVerivox.csproj", "{51618A2E-D948-447A-B676-F1B9BF8C43A1}"
EndProject
Global
	GlobalSection(SolutionConfigurationPlatforms) = preSolution
		Debug|Any CPU = Debug|Any CPU
		Release|Any CPU = Release|Any CPU
	EndGlobalSection
	GlobalSection(ProjectConfigurationPlatforms) = postSolution
		{51618A2E-D948-447A-B676-F1B9BF8C43A1}.Debug|Any CPU.ActiveCfg = Debug|Any CPU
		{51618A2E-D948-447A-B676-F1B9BF8C43A1}.Debug|Any CPU.Build.0 = Debug|Any CPU
		{51618A2E-D948-447A-B676-F1B9BF8C43A1}.Release|Any CPU.ActiveCfg = Release|Any CPU
		{51618A2E-D948-447A-B676-F1B9BF8C43A1}.Release|Any CPU.Build.0 = Release|Any CPU
	EndGlobalSection
	GlobalSection(SolutionProperties) = preSolution
		HideSolutionNode = FALSE
	EndGlobalSection
	GlobalSection(ExtensibilityGlobals) = postSolution
		SolutionGuid = {A35A97E8-4D22-488D-B66F-E1B68E505222}
	EndGlobalSection
EndGlobal
